
Microsoft Visual Studio Solution File, Format Version 12.00
# Visual Studio Version 17
VisualStudioVersion = 17.13.35931.197 d17.13
MinimumVisualStudioVersion = 10.0.40219.1
Project("{FAE04EC0-301F-11D3-BF4B-00C04F79EFBC}") = "Who.Said.It.Server", "Who.Said.It.Server\Who.Said.It.Server\Who.Said.It.Server.csproj", "{921CD8DA-C61B-4066-BA07-6CB82BDC79D5}"
EndProject
Global
	GlobalSection(SolutionConfigurationPlatforms) = preSolution
		Debug|Any CPU = Debug|Any CPU
		Release|Any CPU = Release|Any CPU
	EndGlobalSection
	GlobalSection(ProjectConfigurationPlatforms) = postSolution
		{921CD8DA-C61B-4066-BA07-6CB82BDC79D5}.Debug|Any CPU.ActiveCfg = Debug|Any CPU
		{921CD8DA-C61B-4066-BA07-6CB82BDC79D5}.Debug|Any CPU.Build.0 = Debug|Any CPU
		{921CD8DA-C61B-4066-BA07-6CB82BDC79D5}.Release|Any CPU.ActiveCfg = Release|Any CPU
		{921CD8DA-C61B-4066-BA07-6CB82BDC79D5}.Release|Any CPU.Build.0 = Release|Any CPU
	EndGlobalSection
	GlobalSection(SolutionProperties) = preSolution
		HideSolutionNode = FALSE
	EndGlobalSection
	GlobalSection(ExtensibilityGlobals) = postSolution
		SolutionGuid = {DC4AD8E6-A9BA-4252-A4B9-400984CBC3FE}
	EndGlobalSection
EndGlobal
